
Microsoft Visual Studio Solution File, Format Version 12.00
# Visual Studio Version 16
VisualStudioVersion = 16.0.32106.194
MinimumVisualStudioVersion = 10.0.40219.1
Project("{FAE04EC0-301F-11D3-BF4B-00C04F79EFBC}") = "ControllerExtensibility", "ControllerExtensibility.csproj", "{86E53F73-4164-47D9-8141-EEB14CD2C50D}"
EndProject
Global
	GlobalSection(SolutionConfigurationPlatforms) = preSolution
		Debug|Any CPU = Debug|Any CPU
		Release|Any CPU = Release|Any CPU
	EndGlobalSection
	GlobalSection(ProjectConfigurationPlatforms) = postSolution
		{86E53F73-4164-47D9-8141-EEB14CD2C50D}.Debug|Any CPU.ActiveCfg = Debug|Any CPU
		{86E53F73-4164-47D9-8141-EEB14CD2C50D}.Debug|Any CPU.Build.0 = Debug|Any CPU
		{86E53F73-4164-47D9-8141-EEB14CD2C50D}.Release|Any CPU.ActiveCfg = Release|Any CPU
		{86E53F73-4164-47D9-8141-EEB14CD2C50D}.Release|Any CPU.Build.0 = Release|Any CPU
	EndGlobalSection
	GlobalSection(SolutionProperties) = preSolution
		HideSolutionNode = FALSE
	EndGlobalSection
	GlobalSection(ExtensibilityGlobals) = postSolution
		SolutionGuid = {3CD0A777-0126-4FB6-9848-4AEFC4BBDC06}
	EndGlobalSection
EndGlobal
